
Microsoft Visual Studio Solution File, Format Version 12.00
# Visual Studio Version 16
VisualStudioVersion = 16.0.30804.86
MinimumVisualStudioVersion = 10.0.40219.1
Project("{FAE04EC0-301F-11D3-BF4B-00C04F79EFBC}") = "Day6", "Day6\Day6.csproj", "{701AAF61-D35E-4C20-8EFA-0B1EDDB55517}"
EndProject
Global
	GlobalSection(SolutionConfigurationPlatforms) = preSolution
		Debug|Any CPU = Debug|Any CPU
		Release|Any CPU = Release|Any CPU
	EndGlobalSection
	GlobalSection(ProjectConfigurationPlatforms) = postSolution
		{701AAF61-D35E-4C20-8EFA-0B1EDDB55517}.Debug|Any CPU.ActiveCfg = Debug|Any CPU
		{701AAF61-D35E-4C20-8EFA-0B1EDDB55517}.Debug|Any CPU.Build.0 = Debug|Any CPU
		{701AAF61-D35E-4C20-8EFA-0B1EDDB55517}.Release|Any CPU.ActiveCfg = Release|Any CPU
		{701AAF61-D35E-4C20-8EFA-0B1EDDB55517}.Release|Any CPU.Build.0 = Release|Any CPU
	EndGlobalSection
	GlobalSection(SolutionProperties) = preSolution
		HideSolutionNode = FALSE
	EndGlobalSection
	GlobalSection(ExtensibilityGlobals) = postSolution
		SolutionGuid = {D30ECD77-C7A7-47FF-B4E7-B7885CF6E3A6}
	EndGlobalSection
EndGlobal
