
Microsoft Visual Studio Solution File, Format Version 12.00
# Visual Studio Version 16
VisualStudioVersion = 16.0.30804.86
MinimumVisualStudioVersion = 10.0.40219.1
Project("{FAE04EC0-301F-11D3-BF4B-00C04F79EFBC}") = "Day3", "Day3\Day3.csproj", "{472DBE5A-7B3A-4422-970B-55F86D27AFF1}"
EndProject
Global
	GlobalSection(SolutionConfigurationPlatforms) = preSolution
		Debug|Any CPU = Debug|Any CPU
		Release|Any CPU = Release|Any CPU
	EndGlobalSection
	GlobalSection(ProjectConfigurationPlatforms) = postSolution
		{472DBE5A-7B3A-4422-970B-55F86D27AFF1}.Debug|Any CPU.ActiveCfg = Debug|Any CPU
		{472DBE5A-7B3A-4422-970B-55F86D27AFF1}.Debug|Any CPU.Build.0 = Debug|Any CPU
		{472DBE5A-7B3A-4422-970B-55F86D27AFF1}.Release|Any CPU.ActiveCfg = Release|Any CPU
		{472DBE5A-7B3A-4422-970B-55F86D27AFF1}.Release|Any CPU.Build.0 = Release|Any CPU
	EndGlobalSection
	GlobalSection(SolutionProperties) = preSolution
		HideSolutionNode = FALSE
	EndGlobalSection
	GlobalSection(ExtensibilityGlobals) = postSolution
		SolutionGuid = {A3E550C6-F180-4270-865C-40BE9AFE7FEB}
	EndGlobalSection
EndGlobal
