
Microsoft Visual Studio Solution File, Format Version 12.00
# Visual Studio Version 16
VisualStudioVersion = 16.0.30804.86
MinimumVisualStudioVersion = 10.0.40219.1
Project("{FAE04EC0-301F-11D3-BF4B-00C04F79EFBC}") = "Day13", "Day13\Day13.csproj", "{FA7BDE51-16CE-4359-BC7C-91CCB80D8D19}"
EndProject
Global
	GlobalSection(SolutionConfigurationPlatforms) = preSolution
		Debug|Any CPU = Debug|Any CPU
		Release|Any CPU = Release|Any CPU
	EndGlobalSection
	GlobalSection(ProjectConfigurationPlatforms) = postSolution
		{FA7BDE51-16CE-4359-BC7C-91CCB80D8D19}.Debug|Any CPU.ActiveCfg = Debug|Any CPU
		{FA7BDE51-16CE-4359-BC7C-91CCB80D8D19}.Debug|Any CPU.Build.0 = Debug|Any CPU
		{FA7BDE51-16CE-4359-BC7C-91CCB80D8D19}.Release|Any CPU.ActiveCfg = Release|Any CPU
		{FA7BDE51-16CE-4359-BC7C-91CCB80D8D19}.Release|Any CPU.Build.0 = Release|Any CPU
	EndGlobalSection
	GlobalSection(SolutionProperties) = preSolution
		HideSolutionNode = FALSE
	EndGlobalSection
	GlobalSection(ExtensibilityGlobals) = postSolution
		SolutionGuid = {FF9E5DE1-8D3E-4752-9F7E-43EADF5E0D14}
	EndGlobalSection
EndGlobal
